
Microsoft Visual Studio Solution File, Format Version 12.00
# Visual Studio 15
VisualStudioVersion = 15.0.28307.421
MinimumVisualStudioVersion = 10.0.40219.1
Project("{8BC9CEB8-8B4A-11D0-8D11-00A0C91BC942}") = "Project1", "Project1\Project1.vcxproj", "{80C221E7-B528-4F33-B133-C9E83F643E06}"
EndProject
Global
	GlobalSection(SolutionConfigurationPlatforms) = preSolution
		Debug|x64 = Debug|x64
		Debug|x86 = Debug|x86
		Release|x64 = Release|x64
		Release|x86 = Release|x86
	EndGlobalSection
	GlobalSection(ProjectConfigurationPlatforms) = postSolution
		{80C221E7-B528-4F33-B133-C9E83F643E06}.Debug|x64.ActiveCfg = Debug|x64
		{80C221E7-B528-4F33-B133-C9E83F643E06}.Debug|x64.Build.0 = Debug|x64
		{80C221E7-B528-4F33-B133-C9E83F643E06}.Debug|x86.ActiveCfg = Debug|Win32
		{80C221E7-B528-4F33-B133-C9E83F643E06}.Debug|x86.Build.0 = Debug|Win32
		{80C221E7-B528-4F33-B133-C9E83F643E06}.Release|x64.ActiveCfg = Release|x64
		{80C221E7-B528-4F33-B133-C9E83F643E06}.Release|x64.Build.0 = Release|x64
		{80C221E7-B528-4F33-B133-C9E83F643E06}.Release|x86.ActiveCfg = Release|Win32
		{80C221E7-B528-4F33-B133-C9E83F643E06}.Release|x86.Build.0 = Release|Win32
	EndGlobalSection
	GlobalSection(SolutionProperties) = preSolution
		HideSolutionNode = FALSE
	EndGlobalSection
	GlobalSection(ExtensibilityGlobals) = postSolution
		SolutionGuid = {60D630BC-B4A0-419D-87B6-8ED603092570}
	EndGlobalSection
EndGlobal
